
Microsoft Visual Studio Solution File, Format Version 12.00
# Visual Studio Version 17
VisualStudioVersion = 17.1.32319.34
MinimumVisualStudioVersion = 10.0.40219.1
Project("{F184B08F-C81C-45F6-A57F-5ABD9991F28F}") = "Lab3- HCI- Xoan Teira", "Lab3- HCI- Xoan Teira\Lab3- HCI- Xoan Teira.vbproj", "{F2437633-669E-476A-B908-5250C93C832C}"
EndProject
Global
	GlobalSection(SolutionConfigurationPlatforms) = preSolution
		Debug|Any CPU = Debug|Any CPU
		Release|Any CPU = Release|Any CPU
	EndGlobalSection
	GlobalSection(ProjectConfigurationPlatforms) = postSolution
		{F2437633-669E-476A-B908-5250C93C832C}.Debug|Any CPU.ActiveCfg = Debug|Any CPU
		{F2437633-669E-476A-B908-5250C93C832C}.Debug|Any CPU.Build.0 = Debug|Any CPU
		{F2437633-669E-476A-B908-5250C93C832C}.Release|Any CPU.ActiveCfg = Release|Any CPU
		{F2437633-669E-476A-B908-5250C93C832C}.Release|Any CPU.Build.0 = Release|Any CPU
	EndGlobalSection
	GlobalSection(SolutionProperties) = preSolution
		HideSolutionNode = FALSE
	EndGlobalSection
	GlobalSection(ExtensibilityGlobals) = postSolution
		SolutionGuid = {DE04F89E-E6BC-4391-876B-B656BFAD48CF}
	EndGlobalSection
EndGlobal
